
Microsoft Visual Studio Solution File, Format Version 12.00
# Visual Studio Version 17
VisualStudioVersion = 17.1.32407.343
MinimumVisualStudioVersion = 10.0.40219.1
Project("{FAE04EC0-301F-11D3-BF4B-00C04F79EFBC}") = "pryDoloresBibloteca", "pryDoloresBibloteca\pryDoloresBibloteca.csproj", "{AA2574D7-4DA7-4798-81BC-D0F6B0C7381F}"
EndProject
Global
	GlobalSection(SolutionConfigurationPlatforms) = preSolution
		Debug|Any CPU = Debug|Any CPU
		Release|Any CPU = Release|Any CPU
	EndGlobalSection
	GlobalSection(ProjectConfigurationPlatforms) = postSolution
		{AA2574D7-4DA7-4798-81BC-D0F6B0C7381F}.Debug|Any CPU.ActiveCfg = Debug|Any CPU
		{AA2574D7-4DA7-4798-81BC-D0F6B0C7381F}.Debug|Any CPU.Build.0 = Debug|Any CPU
		{AA2574D7-4DA7-4798-81BC-D0F6B0C7381F}.Release|Any CPU.ActiveCfg = Release|Any CPU
		{AA2574D7-4DA7-4798-81BC-D0F6B0C7381F}.Release|Any CPU.Build.0 = Release|Any CPU
	EndGlobalSection
	GlobalSection(SolutionProperties) = preSolution
		HideSolutionNode = FALSE
	EndGlobalSection
	GlobalSection(ExtensibilityGlobals) = postSolution
		SolutionGuid = {E4476847-B484-4511-A6BB-A2FF684C1320}
	EndGlobalSection
EndGlobal
